
Microsoft Visual Studio Solution File, Format Version 12.00
# Visual Studio Version 16
VisualStudioVersion = 16.0.31410.357
MinimumVisualStudioVersion = 10.0.40219.1
Project("{9A19103F-16F7-4668-BE54-9A1E7A4F7556}") = "OnlineShopApi", "OnlineShopApi\OnlineShopApi.csproj", "{2B72DAEE-6AA8-4EF9-9953-8CA0C6B80FD6}"
EndProject
Project("{FAE04EC0-301F-11D3-BF4B-00C04F79EFBC}") = "OnlineShopUnitTest", "OnlineShopUnitTest\OnlineShopUnitTest.csproj", "{7DA1C9DD-5C9A-4A12-B7A8-2F54B1193D35}"
EndProject
Global
	GlobalSection(SolutionConfigurationPlatforms) = preSolution
		Debug|Any CPU = Debug|Any CPU
		Release|Any CPU = Release|Any CPU
	EndGlobalSection
	GlobalSection(ProjectConfigurationPlatforms) = postSolution
		{2B72DAEE-6AA8-4EF9-9953-8CA0C6B80FD6}.Debug|Any CPU.ActiveCfg = Debug|Any CPU
		{2B72DAEE-6AA8-4EF9-9953-8CA0C6B80FD6}.Debug|Any CPU.Build.0 = Debug|Any CPU
		{2B72DAEE-6AA8-4EF9-9953-8CA0C6B80FD6}.Release|Any CPU.ActiveCfg = Release|Any CPU
		{2B72DAEE-6AA8-4EF9-9953-8CA0C6B80FD6}.Release|Any CPU.Build.0 = Release|Any CPU
		{7DA1C9DD-5C9A-4A12-B7A8-2F54B1193D35}.Debug|Any CPU.ActiveCfg = Debug|Any CPU
		{7DA1C9DD-5C9A-4A12-B7A8-2F54B1193D35}.Debug|Any CPU.Build.0 = Debug|Any CPU
		{7DA1C9DD-5C9A-4A12-B7A8-2F54B1193D35}.Release|Any CPU.ActiveCfg = Release|Any CPU
		{7DA1C9DD-5C9A-4A12-B7A8-2F54B1193D35}.Release|Any CPU.Build.0 = Release|Any CPU
	EndGlobalSection
	GlobalSection(SolutionProperties) = preSolution
		HideSolutionNode = FALSE
	EndGlobalSection
	GlobalSection(ExtensibilityGlobals) = postSolution
		SolutionGuid = {55DF267F-044E-416C-B019-A3A188BFE67F}
	EndGlobalSection
EndGlobal
